
Microsoft Visual Studio Solution File, Format Version 12.00
# Visual Studio Version 16
VisualStudioVersion = 16.0.28803.202
MinimumVisualStudioVersion = 10.0.40219.1
Project("{FAE04EC0-301F-11D3-BF4B-00C04F79EFBC}") = "WindowsFormsApp1", "WindowsFormsApp1\WindowsFormsApp1.csproj", "{9B79EBD7-107D-41EF-A3AE-1043E0FA162D}"
EndProject
Global
	GlobalSection(SolutionConfigurationPlatforms) = preSolution
		Debug|Any CPU = Debug|Any CPU
		Release|Any CPU = Release|Any CPU
	EndGlobalSection
	GlobalSection(ProjectConfigurationPlatforms) = postSolution
		{9B79EBD7-107D-41EF-A3AE-1043E0FA162D}.Debug|Any CPU.ActiveCfg = Debug|Any CPU
		{9B79EBD7-107D-41EF-A3AE-1043E0FA162D}.Debug|Any CPU.Build.0 = Debug|Any CPU
		{9B79EBD7-107D-41EF-A3AE-1043E0FA162D}.Release|Any CPU.ActiveCfg = Release|Any CPU
		{9B79EBD7-107D-41EF-A3AE-1043E0FA162D}.Release|Any CPU.Build.0 = Release|Any CPU
	EndGlobalSection
	GlobalSection(SolutionProperties) = preSolution
		HideSolutionNode = FALSE
	EndGlobalSection
	GlobalSection(ExtensibilityGlobals) = postSolution
		SolutionGuid = {5185E538-10DE-4BF5-9686-792D572F0F01}
	EndGlobalSection
EndGlobal
